{
  "name": "@mconnect/mcdbcrud-mg",
  "version": "0.7.0",
  "lockfileVersion": 2,
  "requires": true,
  "packages": {
    "": {
      "name": "@mconnect/mcdbcrud-mg",
      "version": "0.7.0",
      "license": "MIT",
      "dependencies": {
        "@mconnect/mccache": "^0.9.0",
        "@mconnect/mcresponse": "^0.9.0",
        "mongodb": "^7.2.0",
        "validator": "^13.11.0"
      },
      "devDependencies": {
        "@mconnect/mctest": "^0.6.2",
        "@types/mongodb": "^4.0.7",
        "@types/node": "^25.9.2",
        "@types/validator": "^13.15.10",
        "tslib": "^2.8.1",
        "typescript": "^6.0.3"
      }
    },
    "node_modules/@mconnect/mccache": {
      "version": "0.9.0",
      "resolved": "https://registry.npmjs.org/@mconnect/mccache/-/mccache-0.9.0.tgz",
      "integrity": "sha512-logrrsWrc8XaeOMqbHP+9noASM0WN9We2RDG/1aqZZnHGTrBkYLNSxBfGrodzIyvKX7mqDndtXLVPTrvZfLElQ==",
      "license": "MIT"
    },
    "node_modules/@mconnect/mcresponse": {
      "version": "0.9.0",
      "resolved": "https://registry.npmjs.org/@mconnect/mcresponse/-/mcresponse-0.9.0.tgz",
      "integrity": "sha512-JwDrPpDfNyp7HjURX4J9V9JaP1+8VJIXjlJRIeUczjp35DbBA/VkAWOVquVyEP7M2BTkqqkqRE6LUZWD1zgpEA==",
      "license": "MIT"
    },
    "node_modules/@mconnect/mctest": {
      "version": "0.6.2",
      "resolved": "https://registry.npmjs.org/@mconnect/mctest/-/mctest-0.6.2.tgz",
      "integrity": "sha512-uT9h1Ue1QE1Wu1rdNKsGWfFHjSAq3zGwocxNHmIJNNHUpX9d4EGaXRtyFP+NjPRE8iXl79BAn4Ep4tGQbumCbQ==",
      "dev": true,
      "license": "MIT"
    },
    "node_modules/@mongodb-js/saslprep": {
      "version": "1.4.11",
      "resolved": "https://registry.npmjs.org/@mongodb-js/saslprep/-/saslprep-1.4.11.tgz",
      "integrity": "sha512-o9rAHc0IpIjuPSxRutWpE1F62x7n+4mVS4rCNHkzhIUMQcc18bb6xEq5wd2NdN0WjepIyXIppRshYI2kQDOZVA==",
      "license": "MIT",
      "dependencies": {
        "sparse-bitfield": "^3.0.3"
      }
    },
    "node_modules/@types/mongodb": {
      "version": "4.0.7",
      "resolved": "https://registry.npmjs.org/@types/mongodb/-/mongodb-4.0.7.tgz",
      "integrity": "sha512-lPUYPpzA43baXqnd36cZ9xxorprybxXDzteVKCPAdp14ppHtFJHnXYvNpmBvtMUTb5fKXVv6sVbzo1LHkWhJlw==",
      "deprecated": "mongodb provides its own types. @types/mongodb is no longer needed.",
      "dev": true,
      "dependencies": {
        "mongodb": "*"
      }
    },
    "node_modules/@types/node": {
      "version": "25.9.2",
      "resolved": "https://registry.npmjs.org/@types/node/-/node-25.9.2.tgz",
      "integrity": "sha512-G05zqtJhcDLb8uslf5EjCxXg9G1KQxiV8OS0R26IC//Eoyitzqe8z37I7cqvnZlrlSfgocQRfSn/AHBZJJFyGw==",
      "dev": true,
      "license": "MIT",
      "dependencies": {
        "undici-types": ">=7.24.0 <7.24.7"
      }
    },
    "node_modules/@types/validator": {
      "version": "13.15.10",
      "resolved": "https://registry.npmjs.org/@types/validator/-/validator-13.15.10.tgz",
      "integrity": "sha512-T8L6i7wCuyoK8A/ZeLYt1+q0ty3Zb9+qbSSvrIVitzT3YjZqkTZ40IbRsPanlB4h1QB3JVL1SYCdR6ngtFYcuA==",
      "dev": true,
      "license": "MIT"
    },
    "node_modules/@types/webidl-conversions": {
      "version": "7.0.3",
      "resolved": "https://registry.npmjs.org/@types/webidl-conversions/-/webidl-conversions-7.0.3.tgz",
      "integrity": "sha512-CiJJvcRtIgzadHCYXw7dqEnMNRjhGZlYK05Mj9OyktqV8uVT8fD2BFOB7S1uwBE3Kj2Z+4UyPmFw/Ixgw/LAlA==",
      "license": "MIT"
    },
    "node_modules/@types/whatwg-url": {
      "version": "13.0.0",
      "resolved": "https://registry.npmjs.org/@types/whatwg-url/-/whatwg-url-13.0.0.tgz",
      "integrity": "sha512-N8WXpbE6Wgri7KUSvrmQcqrMllKZ9uxkYWMt+mCSGwNc0Hsw9VQTW7ApqI4XNrx6/SaM2QQJCzMPDEXE058s+Q==",
      "license": "MIT",
      "dependencies": {
        "@types/webidl-conversions": "*"
      }
    },
    "node_modules/bson": {
      "version": "7.2.0",
      "resolved": "https://registry.npmjs.org/bson/-/bson-7.2.0.tgz",
      "integrity": "sha512-YCEo7KjMlbNlyHhz7zAZNDpIpQbd+wOEHJYezv0nMYTn4x31eIUM2yomNNubclAt63dObUzKHWsBLJ9QcZNSnQ==",
      "license": "Apache-2.0",
      "engines": {
        "node": ">=20.19.0"
      }
    },
    "node_modules/memory-pager": {
      "version": "1.5.0",
      "resolved": "https://registry.npmjs.org/memory-pager/-/memory-pager-1.5.0.tgz",
      "integrity": "sha512-ZS4Bp4r/Zoeq6+NLJpP+0Zzm0pR8whtGPf1XExKLJBAczGMnSi3It14OiNCStjQjM6NU1okjQGSxgEZN8eBYKg==",
      "license": "MIT"
    },
    "node_modules/mongodb": {
      "version": "7.2.0",
      "resolved": "https://registry.npmjs.org/mongodb/-/mongodb-7.2.0.tgz",
      "integrity": "sha512-F/2+BMZtLVhY30ioZp0dAmZ+IRZMBqI+nrv6t5+9/1AIwCa8sMRC3jBf81lpxMhnZgqq8CoUD503Z1oZWq1/sw==",
      "license": "Apache-2.0",
      "dependencies": {
        "@mongodb-js/saslprep": "^1.3.0",
        "bson": "^7.2.0",
        "mongodb-connection-string-url": "^7.0.0"
      },
      "engines": {
        "node": ">=20.19.0"
      },
      "peerDependencies": {
        "@aws-sdk/credential-providers": "^3.806.0",
        "@mongodb-js/zstd": "^7.0.0",
        "gcp-metadata": "^7.0.1",
        "kerberos": "^7.0.0",
        "mongodb-client-encryption": ">=7.0.0 <7.1.0",
        "snappy": "^7.3.2",
        "socks": "^2.8.6"
      },
      "peerDependenciesMeta": {
        "@aws-sdk/credential-providers": {
          "optional": true
        },
        "@mongodb-js/zstd": {
          "optional": true
        },
        "gcp-metadata": {
          "optional": true
        },
        "kerberos": {
          "optional": true
        },
        "mongodb-client-encryption": {
          "optional": true
        },
        "snappy": {
          "optional": true
        },
        "socks": {
          "optional": true
        }
      }
    },
    "node_modules/mongodb-connection-string-url": {
      "version": "7.0.1",
      "resolved": "https://registry.npmjs.org/mongodb-connection-string-url/-/mongodb-connection-string-url-7.0.1.tgz",
      "integrity": "sha512-h0AZ9A7IDVwwHyMxmdMXKy+9oNlF0zFoahHiX3vQ8e3KFcSP3VmsmfvtRSuLPxmyv2vjIDxqty8smTgie/SNRQ==",
      "license": "Apache-2.0",
      "dependencies": {
        "@types/whatwg-url": "^13.0.0",
        "whatwg-url": "^14.1.0"
      },
      "engines": {
        "node": ">=20.19.0"
      }
    },
    "node_modules/punycode": {
      "version": "2.3.1",
      "resolved": "https://registry.npmjs.org/punycode/-/punycode-2.3.1.tgz",
      "integrity": "sha512-vYt7UD1U9Wg6138shLtLOvdAu+8DsC/ilFtEVHcH+wydcSpNE20AfSOduf6MkRFahL5FY7X1oU7nKVZFtfq8Fg==",
      "license": "MIT",
      "engines": {
        "node": ">=6"
      }
    },
    "node_modules/sparse-bitfield": {
      "version": "3.0.3",
      "resolved": "https://registry.npmjs.org/sparse-bitfield/-/sparse-bitfield-3.0.3.tgz",
      "integrity": "sha512-kvzhi7vqKTfkh0PZU+2D2PIllw2ymqJKujUcyPMd9Y75Nv4nPbGJZXNhxsgdQab2BmlDct1YnfQCguEvHr7VsQ==",
      "license": "MIT",
      "dependencies": {
        "memory-pager": "^1.0.2"
      }
    },
    "node_modules/tr46": {
      "version": "5.1.1",
      "resolved": "https://registry.npmjs.org/tr46/-/tr46-5.1.1.tgz",
      "integrity": "sha512-hdF5ZgjTqgAntKkklYw0R03MG2x/bSzTtkxmIRw/sTNV8YXsCJ1tfLAX23lhxhHJlEf3CRCOCGGWw3vI3GaSPw==",
      "license": "MIT",
      "dependencies": {
        "punycode": "^2.3.1"
      },
      "engines": {
        "node": ">=18"
      }
    },
    "node_modules/tslib": {
      "version": "2.8.1",
      "resolved": "https://registry.npmjs.org/tslib/-/tslib-2.8.1.tgz",
      "integrity": "sha512-oJFu94HQb+KVduSUQL7wnpmqnfmLsOA/nAh6b6EH0wCEoK0/mPeXU6c3wKDV83MkOuHPRHtSXKKU99IBazS/2w==",
      "dev": true,
      "license": "0BSD"
    },
    "node_modules/typescript": {
      "version": "6.0.3",
      "resolved": "https://registry.npmjs.org/typescript/-/typescript-6.0.3.tgz",
      "integrity": "sha512-y2TvuxSZPDyQakkFRPZHKFm+KKVqIisdg9/CZwm9ftvKXLP8NRWj38/ODjNbr43SsoXqNuAisEf1GdCxqWcdBw==",
      "dev": true,
      "license": "Apache-2.0",
      "bin": {
        "tsc": "bin/tsc",
        "tsserver": "bin/tsserver"
      },
      "engines": {
        "node": ">=14.17"
      }
    },
    "node_modules/undici-types": {
      "version": "7.24.6",
      "resolved": "https://registry.npmjs.org/undici-types/-/undici-types-7.24.6.tgz",
      "integrity": "sha512-WRNW+sJgj5OBN4/0JpHFqtqzhpbnV0GuB+OozA9gCL7a993SmU+1JBZCzLNxYsbMfIeDL+lTsphD5jN5N+n0zg==",
      "dev": true,
      "license": "MIT"
    },
    "node_modules/validator": {
      "version": "13.15.35",
      "resolved": "https://registry.npmjs.org/validator/-/validator-13.15.35.tgz",
      "integrity": "sha512-TQ5pAGhd5whStmqWvYF4OjQROlmv9SMFVt37qoCBdqRffuuklWYQlCNnEs2ZaIBD1kZRNnikiZOS1eqgkar0iw==",
      "license": "MIT",
      "engines": {
        "node": ">= 0.10"
      }
    },
    "node_modules/webidl-conversions": {
      "version": "7.0.0",
      "resolved": "https://registry.npmjs.org/webidl-conversions/-/webidl-conversions-7.0.0.tgz",
      "integrity": "sha512-VwddBukDzu71offAQR975unBIGqfKZpM+8ZX6ySk8nYhVoo5CYaZyzt3YBvYtRtO+aoGlqxPg/B87NGVZ/fu6g==",
      "license": "BSD-2-Clause",
      "engines": {
        "node": ">=12"
      }
    },
    "node_modules/whatwg-url": {
      "version": "14.2.0",
      "resolved": "https://registry.npmjs.org/whatwg-url/-/whatwg-url-14.2.0.tgz",
      "integrity": "sha512-De72GdQZzNTUBBChsXueQUnPKDkg/5A5zp7pFDuQAj5UFoENpiACU0wlCvzpAGnTkj++ihpKwKyYewn/XNUbKw==",
      "license": "MIT",
      "dependencies": {
        "tr46": "^5.1.0",
        "webidl-conversions": "^7.0.0"
      },
      "engines": {
        "node": ">=18"
      }
    }
  },
  "dependencies": {
    "@mconnect/mccache": {
      "version": "0.9.0",
      "resolved": "https://registry.npmjs.org/@mconnect/mccache/-/mccache-0.9.0.tgz",
      "integrity": "sha512-logrrsWrc8XaeOMqbHP+9noASM0WN9We2RDG/1aqZZnHGTrBkYLNSxBfGrodzIyvKX7mqDndtXLVPTrvZfLElQ=="
    },
    "@mconnect/mcresponse": {
      "version": "0.9.0",
      "resolved": "https://registry.npmjs.org/@mconnect/mcresponse/-/mcresponse-0.9.0.tgz",
      "integrity": "sha512-JwDrPpDfNyp7HjURX4J9V9JaP1+8VJIXjlJRIeUczjp35DbBA/VkAWOVquVyEP7M2BTkqqkqRE6LUZWD1zgpEA=="
    },
    "@mconnect/mctest": {
      "version": "0.6.2",
      "resolved": "https://registry.npmjs.org/@mconnect/mctest/-/mctest-0.6.2.tgz",
      "integrity": "sha512-uT9h1Ue1QE1Wu1rdNKsGWfFHjSAq3zGwocxNHmIJNNHUpX9d4EGaXRtyFP+NjPRE8iXl79BAn4Ep4tGQbumCbQ==",
      "dev": true
    },
    "@mongodb-js/saslprep": {
      "version": "1.4.11",
      "resolved": "https://registry.npmjs.org/@mongodb-js/saslprep/-/saslprep-1.4.11.tgz",
      "integrity": "sha512-o9rAHc0IpIjuPSxRutWpE1F62x7n+4mVS4rCNHkzhIUMQcc18bb6xEq5wd2NdN0WjepIyXIppRshYI2kQDOZVA==",
      "requires": {
        "sparse-bitfield": "^3.0.3"
      }
    },
    "@types/mongodb": {
      "version": "4.0.7",
      "resolved": "https://registry.npmjs.org/@types/mongodb/-/mongodb-4.0.7.tgz",
      "integrity": "sha512-lPUYPpzA43baXqnd36cZ9xxorprybxXDzteVKCPAdp14ppHtFJHnXYvNpmBvtMUTb5fKXVv6sVbzo1LHkWhJlw==",
      "dev": true,
      "requires": {
        "mongodb": "*"
      }
    },
    "@types/node": {
      "version": "25.9.2",
      "resolved": "https://registry.npmjs.org/@types/node/-/node-25.9.2.tgz",
      "integrity": "sha512-G05zqtJhcDLb8uslf5EjCxXg9G1KQxiV8OS0R26IC//Eoyitzqe8z37I7cqvnZlrlSfgocQRfSn/AHBZJJFyGw==",
      "dev": true,
      "requires": {
        "undici-types": ">=7.24.0 <7.24.7"
      }
    },
    "@types/validator": {
      "version": "13.15.10",
      "resolved": "https://registry.npmjs.org/@types/validator/-/validator-13.15.10.tgz",
      "integrity": "sha512-T8L6i7wCuyoK8A/ZeLYt1+q0ty3Zb9+qbSSvrIVitzT3YjZqkTZ40IbRsPanlB4h1QB3JVL1SYCdR6ngtFYcuA==",
      "dev": true
    },
    "@types/webidl-conversions": {
      "version": "7.0.3",
      "resolved": "https://registry.npmjs.org/@types/webidl-conversions/-/webidl-conversions-7.0.3.tgz",
      "integrity": "sha512-CiJJvcRtIgzadHCYXw7dqEnMNRjhGZlYK05Mj9OyktqV8uVT8fD2BFOB7S1uwBE3Kj2Z+4UyPmFw/Ixgw/LAlA=="
    },
    "@types/whatwg-url": {
      "version": "13.0.0",
      "resolved": "https://registry.npmjs.org/@types/whatwg-url/-/whatwg-url-13.0.0.tgz",
      "integrity": "sha512-N8WXpbE6Wgri7KUSvrmQcqrMllKZ9uxkYWMt+mCSGwNc0Hsw9VQTW7ApqI4XNrx6/SaM2QQJCzMPDEXE058s+Q==",
      "requires": {
        "@types/webidl-conversions": "*"
      }
    },
    "bson": {
      "version": "7.2.0",
      "resolved": "https://registry.npmjs.org/bson/-/bson-7.2.0.tgz",
      "integrity": "sha512-YCEo7KjMlbNlyHhz7zAZNDpIpQbd+wOEHJYezv0nMYTn4x31eIUM2yomNNubclAt63dObUzKHWsBLJ9QcZNSnQ=="
    },
    "memory-pager": {
      "version": "1.5.0",
      "resolved": "https://registry.npmjs.org/memory-pager/-/memory-pager-1.5.0.tgz",
      "integrity": "sha512-ZS4Bp4r/Zoeq6+NLJpP+0Zzm0pR8whtGPf1XExKLJBAczGMnSi3It14OiNCStjQjM6NU1okjQGSxgEZN8eBYKg=="
    },
    "mongodb": {
      "version": "7.2.0",
      "resolved": "https://registry.npmjs.org/mongodb/-/mongodb-7.2.0.tgz",
      "integrity": "sha512-F/2+BMZtLVhY30ioZp0dAmZ+IRZMBqI+nrv6t5+9/1AIwCa8sMRC3jBf81lpxMhnZgqq8CoUD503Z1oZWq1/sw==",
      "requires": {
        "@mongodb-js/saslprep": "^1.3.0",
        "bson": "^7.2.0",
        "mongodb-connection-string-url": "^7.0.0"
      }
    },
    "mongodb-connection-string-url": {
      "version": "7.0.1",
      "resolved": "https://registry.npmjs.org/mongodb-connection-string-url/-/mongodb-connection-string-url-7.0.1.tgz",
      "integrity": "sha512-h0AZ9A7IDVwwHyMxmdMXKy+9oNlF0zFoahHiX3vQ8e3KFcSP3VmsmfvtRSuLPxmyv2vjIDxqty8smTgie/SNRQ==",
      "requires": {
        "@types/whatwg-url": "^13.0.0",
        "whatwg-url": "^14.1.0"
      }
    },
    "punycode": {
      "version": "2.3.1",
      "resolved": "https://registry.npmjs.org/punycode/-/punycode-2.3.1.tgz",
      "integrity": "sha512-vYt7UD1U9Wg6138shLtLOvdAu+8DsC/ilFtEVHcH+wydcSpNE20AfSOduf6MkRFahL5FY7X1oU7nKVZFtfq8Fg=="
    },
    "sparse-bitfield": {
      "version": "3.0.3",
      "resolved": "https://registry.npmjs.org/sparse-bitfield/-/sparse-bitfield-3.0.3.tgz",
      "integrity": "sha512-kvzhi7vqKTfkh0PZU+2D2PIllw2ymqJKujUcyPMd9Y75Nv4nPbGJZXNhxsgdQab2BmlDct1YnfQCguEvHr7VsQ==",
      "requires": {
        "memory-pager": "^1.0.2"
      }
    },
    "tr46": {
      "version": "5.1.1",
      "resolved": "https://registry.npmjs.org/tr46/-/tr46-5.1.1.tgz",
      "integrity": "sha512-hdF5ZgjTqgAntKkklYw0R03MG2x/bSzTtkxmIRw/sTNV8YXsCJ1tfLAX23lhxhHJlEf3CRCOCGGWw3vI3GaSPw==",
      "requires": {
        "punycode": "^2.3.1"
      }
    },
    "tslib": {
      "version": "2.8.1",
      "resolved": "https://registry.npmjs.org/tslib/-/tslib-2.8.1.tgz",
      "integrity": "sha512-oJFu94HQb+KVduSUQL7wnpmqnfmLsOA/nAh6b6EH0wCEoK0/mPeXU6c3wKDV83MkOuHPRHtSXKKU99IBazS/2w==",
      "dev": true
    },
    "typescript": {
      "version": "6.0.3",
      "resolved": "https://registry.npmjs.org/typescript/-/typescript-6.0.3.tgz",
      "integrity": "sha512-y2TvuxSZPDyQakkFRPZHKFm+KKVqIisdg9/CZwm9ftvKXLP8NRWj38/ODjNbr43SsoXqNuAisEf1GdCxqWcdBw==",
      "dev": true
    },
    "undici-types": {
      "version": "7.24.6",
      "resolved": "https://registry.npmjs.org/undici-types/-/undici-types-7.24.6.tgz",
      "integrity": "sha512-WRNW+sJgj5OBN4/0JpHFqtqzhpbnV0GuB+OozA9gCL7a993SmU+1JBZCzLNxYsbMfIeDL+lTsphD5jN5N+n0zg==",
      "dev": true
    },
    "validator": {
      "version": "13.15.35",
      "resolved": "https://registry.npmjs.org/validator/-/validator-13.15.35.tgz",
      "integrity": "sha512-TQ5pAGhd5whStmqWvYF4OjQROlmv9SMFVt37qoCBdqRffuuklWYQlCNnEs2ZaIBD1kZRNnikiZOS1eqgkar0iw=="
    },
    "webidl-conversions": {
      "version": "7.0.0",
      "resolved": "https://registry.npmjs.org/webidl-conversions/-/webidl-conversions-7.0.0.tgz",
      "integrity": "sha512-VwddBukDzu71offAQR975unBIGqfKZpM+8ZX6ySk8nYhVoo5CYaZyzt3YBvYtRtO+aoGlqxPg/B87NGVZ/fu6g=="
    },
    "whatwg-url": {
      "version": "14.2.0",
      "resolved": "https://registry.npmjs.org/whatwg-url/-/whatwg-url-14.2.0.tgz",
      "integrity": "sha512-De72GdQZzNTUBBChsXueQUnPKDkg/5A5zp7pFDuQAj5UFoENpiACU0wlCvzpAGnTkj++ihpKwKyYewn/XNUbKw==",
      "requires": {
        "tr46": "^5.1.0",
        "webidl-conversions": "^7.0.0"
      }
    }
  }
}
